
Microsoft Visual Studio Solution File, Format Version 12.00
# Visual Studio Version 17
VisualStudioVersion = 17.6.33815.320
MinimumVisualStudioVersion = 10.0.40219.1
Project("{FAE04EC0-301F-11D3-BF4B-00C04F79EFBC}") = "ServiceButtonBackend", "ServiceButtonBackend\ServiceButtonBackend.csproj", "{67B69F7A-7F59-405B-8069-4E5BF0B6D69D}"
EndProject
Global
	GlobalSection(SolutionConfigurationPlatforms) = preSolution
		Debug|Any CPU = Debug|Any CPU
		Release|Any CPU = Release|Any CPU
	EndGlobalSection
	GlobalSection(ProjectConfigurationPlatforms) = postSolution
		{67B69F7A-7F59-405B-8069-4E5BF0B6D69D}.Debug|Any CPU.ActiveCfg = Debug|Any CPU
		{67B69F7A-7F59-405B-8069-4E5BF0B6D69D}.Debug|Any CPU.Build.0 = Debug|Any CPU
		{67B69F7A-7F59-405B-8069-4E5BF0B6D69D}.Release|Any CPU.ActiveCfg = Release|Any CPU
		{67B69F7A-7F59-405B-8069-4E5BF0B6D69D}.Release|Any CPU.Build.0 = Release|Any CPU
	EndGlobalSection
	GlobalSection(SolutionProperties) = preSolution
		HideSolutionNode = FALSE
	EndGlobalSection
	GlobalSection(ExtensibilityGlobals) = postSolution
		SolutionGuid = {AFEA1392-7455-4516-8A69-A688ECE68052}
	EndGlobalSection
EndGlobal
